// !$*UTF8*$!
{
	archiveVersion = 1;
	classes = {
	};
	objectVersion = 46;
	objects = {

/* Begin PBXBuildFile section */
		2207248918545B2E009C96CE /* QuartzCore.framework in Frameworks */ = {isa = PBXBuildFile; fileRef = 2207248818545B2E009C96CE /* QuartzCore.framework */; };
		6C8D3B3E1850182800BD799C /* Foundation.framework in Frameworks */ = {isa = PBXBuildFile; fileRef = 6C8D3B3D1850182800BD799C /* Foundation.framework */; };
		6C8D3B401850182800BD799C /* CoreGraphics.framework in Frameworks */ = {isa = PBXBuildFile; fileRef = 6C8D3B3F1850182800BD799C /* CoreGraphics.framework */; };
		6C8D3B421850182800BD799C /* UIKit.framework in Frameworks */ = {isa = PBXBuildFile; fileRef = 6C8D3B411850182800BD799C /* UIKit.framework */; };
		6C8D3B571850182800BD799C /* XCTest.framework in Frameworks */ = {isa = PBXBuildFile; fileRef = 6C8D3B561850182800BD799C /* XCTest.framework */; };
		6C8D3B581850182800BD799C /* Foundation.framework in Frameworks */ = {isa = PBXBuildFile; fileRef = 6C8D3B3D1850182800BD799C /* Foundation.framework */; };
		6C8D3B591850182800BD799C /* UIKit.framework in Frameworks */ = {isa = PBXBuildFile; fileRef = 6C8D3B411850182800BD799C /* UIKit.framework */; };
		F15197DF1F8396F700BD328A /* TORevealViewController.m in Sources */ = {isa = PBXBuildFile; fileRef = F15197DE1F8396F400BD328A /* TORevealViewController.m */; };
		F15197E91F83970800BD328A /* main.m in Sources */ = {isa = PBXBuildFile; fileRef = F15197E21F83970100BD328A /* main.m */; };
		F15197EA1F83970C00BD328A /* TOAppDelegate.m in Sources */ = {isa = PBXBuildFile; fileRef = F15197E41F83970100BD328A /* TOAppDelegate.m */; };
		F15197EB1F83970C00BD328A /* TOViewController.m in Sources */ = {isa = PBXBuildFile; fileRef = F15197E81F83970100BD328A /* TOViewController.m */; };
		F15197ED1F83976600BD328A /* LaunchScreen.storyboard in Resources */ = {isa = PBXBuildFile; fileRef = F15197EC1F83976600BD328A /* LaunchScreen.storyboard */; };
/* End PBXBuildFile section */

/* Begin PBXContainerItemProxy section */
		6C8D3B5A1850182800BD799C /* PBXContainerItemProxy */ = {
			isa = PBXContainerItemProxy;
			containerPortal = 6C8D3B321850182800BD799C /* Project object */;
			proxyType = 1;
			remoteGlobalIDString = 6C8D3B391850182800BD799C;
			remoteInfo = TOSlidingSplitViewControllerExample;
		};
/* End PBXContainerItemProxy section */

/* Begin PBXFileReference section */
		2207248818545B2E009C96CE /* QuartzCore.framework */ = {isa = PBXFileReference; lastKnownFileType = wrapper.framework; name = QuartzCore.framework; path = System/Library/Frameworks/QuartzCore.framework; sourceTree = SDKROOT; };
		6C8D3B3A1850182800BD799C /* TORevealViewControllerExample.app */ = {isa = PBXFileReference; explicitFileType = wrapper.application; includeInIndex = 0; path = TORevealViewControllerExample.app; sourceTree = BUILT_PRODUCTS_DIR; };
		6C8D3B3D1850182800BD799C /* Foundation.framework */ = {isa = PBXFileReference; lastKnownFileType = wrapper.framework; name = Foundation.framework; path = System/Library/Frameworks/Foundation.framework; sourceTree = SDKROOT; };
		6C8D3B3F1850182800BD799C /* CoreGraphics.framework */ = {isa = PBXFileReference; lastKnownFileType = wrapper.framework; name = CoreGraphics.framework; path = System/Library/Frameworks/CoreGraphics.framework; sourceTree = SDKROOT; };
		6C8D3B411850182800BD799C /* UIKit.framework */ = {isa = PBXFileReference; lastKnownFileType = wrapper.framework; name = UIKit.framework; path = System/Library/Frameworks/UIKit.framework; sourceTree = SDKROOT; };
		6C8D3B551850182800BD799C /* TORevealViewControllerExampleTests.xctest */ = {isa = PBXFileReference; explicitFileType = wrapper.cfbundle; includeInIndex = 0; path = TORevealViewControllerExampleTests.xctest; sourceTree = BUILT_PRODUCTS_DIR; };
		6C8D3B561850182800BD799C /* XCTest.framework */ = {isa = PBXFileReference; lastKnownFileType = wrapper.framework; name = XCTest.framework; path = Library/Frameworks/XCTest.framework; sourceTree = DEVELOPER_DIR; };
		F15197DD1F8396F400BD328A /* TORevealViewController.h */ = {isa = PBXFileReference; lastKnownFileType = sourcecode.c.h; path = TORevealViewController.h; sourceTree = "<group>"; };
		F15197DE1F8396F400BD328A /* TORevealViewController.m */ = {isa = PBXFileReference; lastKnownFileType = sourcecode.c.objc; path = TORevealViewController.m; sourceTree = "<group>"; };
		F15197E11F83970100BD328A /* Images.xcassets */ = {isa = PBXFileReference; lastKnownFileType = folder.assetcatalog; path = Images.xcassets; sourceTree = "<group>"; };
		F15197E21F83970100BD328A /* main.m */ = {isa = PBXFileReference; lastKnownFileType = sourcecode.c.objc; path = main.m; sourceTree = "<group>"; };
		F15197E31F83970100BD328A /* TOAppDelegate.h */ = {isa = PBXFileReference; lastKnownFileType = sourcecode.c.h; path = TOAppDelegate.h; sourceTree = "<group>"; };
		F15197E41F83970100BD328A /* TOAppDelegate.m */ = {isa = PBXFileReference; lastKnownFileType = sourcecode.c.objc; path = TOAppDelegate.m; sourceTree = "<group>"; };
		F15197E51F83970100BD328A /* TORevealViewControllerExample-Info.plist */ = {isa = PBXFileReference; lastKnownFileType = text.plist.xml; path = "TORevealViewControllerExample-Info.plist"; sourceTree = "<group>"; };
		F15197E61F83970100BD328A /* TORevealViewControllerExample-Prefix.pch */ = {isa = PBXFileReference; lastKnownFileType = sourcecode.c.h; path = "TORevealViewControllerExample-Prefix.pch"; sourceTree = "<group>"; };
		F15197E71F83970100BD328A /* TOViewController.h */ = {isa = PBXFileReference; lastKnownFileType = sourcecode.c.h; path = TOViewController.h; sourceTree = "<group>"; };
		F15197E81F83970100BD328A /* TOViewController.m */ = {isa = PBXFileReference; lastKnownFileType = sourcecode.c.objc; path = TOViewController.m; sourceTree = "<group>"; };
		F15197EC1F83976600BD328A /* LaunchScreen.storyboard */ = {isa = PBXFileReference; lastKnownFileType = file.storyboard; path = LaunchScreen.storyboard; sourceTree = "<group>"; };
/* End PBXFileReference section */

/* Begin PBXFrameworksBuildPhase section */
		6C8D3B371850182800BD799C /* Frameworks */ = {
			isa = PBXFrameworksBuildPhase;
			buildActionMask = 2147483647;
			files = (
				2207248918545B2E009C96CE /* QuartzCore.framework in Frameworks */,
				6C8D3B401850182800BD799C /* CoreGraphics.framework in Frameworks */,
				6C8D3B421850182800BD799C /* UIKit.framework in Frameworks */,
				6C8D3B3E1850182800BD799C /* Foundation.framework in Frameworks */,
			);
			runOnlyForDeploymentPostprocessing = 0;
		};
		6C8D3B521850182800BD799C /* Frameworks */ = {
			isa = PBXFrameworksBuildPhase;
			buildActionMask = 2147483647;
			files = (
				6C8D3B571850182800BD799C /* XCTest.framework in Frameworks */,
				6C8D3B591850182800BD799C /* UIKit.framework in Frameworks */,
				6C8D3B581850182800BD799C /* Foundation.framework in Frameworks */,
			);
			runOnlyForDeploymentPostprocessing = 0;
		};
/* End PBXFrameworksBuildPhase section */

/* Begin PBXGroup section */
		6C8D3B311850182800BD799C = {
			isa = PBXGroup;
			children = (
				F15197E01F83970100BD328A /* TORevealViewControllerExample */,
				F15197DC1F8396F400BD328A /* TORevealViewController */,
				6C8D3B3C1850182800BD799C /* Frameworks */,
				6C8D3B3B1850182800BD799C /* Products */,
			);
			sourceTree = "<group>";
		};
		6C8D3B3B1850182800BD799C /* Products */ = {
			isa = PBXGroup;
			children = (
				6C8D3B3A1850182800BD799C /* TORevealViewControllerExample.app */,
				6C8D3B551850182800BD799C /* TORevealViewControllerExampleTests.xctest */,
			);
			name = Products;
			sourceTree = "<group>";
		};
		6C8D3B3C1850182800BD799C /* Frameworks */ = {
			isa = PBXGroup;
			children = (
				2207248818545B2E009C96CE /* QuartzCore.framework */,
				6C8D3B3D1850182800BD799C /* Foundation.framework */,
				6C8D3B3F1850182800BD799C /* CoreGraphics.framework */,
				6C8D3B411850182800BD799C /* UIKit.framework */,
				6C8D3B561850182800BD799C /* XCTest.framework */,
			);
			name = Frameworks;
			sourceTree = "<group>";
		};
		F15197DC1F8396F400BD328A /* TORevealViewController */ = {
			isa = PBXGroup;
			children = (
				F15197DD1F8396F400BD328A /* TORevealViewController.h */,
				F15197DE1F8396F400BD328A /* TORevealViewController.m */,
			);
			path = TORevealViewController;
			sourceTree = "<group>";
		};
		F15197E01F83970100BD328A /* TORevealViewControllerExample */ = {
			isa = PBXGroup;
			children = (
				F15197E11F83970100BD328A /* Images.xcassets */,
				F15197E21F83970100BD328A /* main.m */,
				F15197E31F83970100BD328A /* TOAppDelegate.h */,
				F15197E41F83970100BD328A /* TOAppDelegate.m */,
				F15197E51F83970100BD328A /* TORevealViewControllerExample-Info.plist */,
				F15197E61F83970100BD328A /* TORevealViewControllerExample-Prefix.pch */,
				F15197E71F83970100BD328A /* TOViewController.h */,
				F15197E81F83970100BD328A /* TOViewController.m */,
				F15197EC1F83976600BD328A /* LaunchScreen.storyboard */,
			);
			path = TORevealViewControllerExample;
			sourceTree = "<group>";
		};
/* End PBXGroup section */

/* Begin PBXNativeTarget section */
		6C8D3B391850182800BD799C /* TORevealViewControllerExample */ = {
			isa = PBXNativeTarget;
			buildConfigurationList = 6C8D3B661850182800BD799C /* Build configuration list for PBXNativeTarget "TORevealViewControllerExample" */;
			buildPhases = (
				6C8D3B361850182800BD799C /* Sources */,
				6C8D3B371850182800BD799C /* Frameworks */,
				6C8D3B381850182800BD799C /* Resources */,
			);
			buildRules = (
			);
			dependencies = (
			);
			name = TORevealViewControllerExample;
			productName = TOSlidingSplitViewControllerExample;
			productReference = 6C8D3B3A1850182800BD799C /* TORevealViewControllerExample.app */;
			productType = "com.apple.product-type.application";
		};
		6C8D3B541850182800BD799C /* TORevealViewControllerExampleTests */ = {
			isa = PBXNativeTarget;
			buildConfigurationList = 6C8D3B691850182800BD799C /* Build configuration list for PBXNativeTarget "TORevealViewControllerExampleTests" */;
			buildPhases = (
				6C8D3B511850182800BD799C /* Sources */,
				6C8D3B521850182800BD799C /* Frameworks */,
				6C8D3B531850182800BD799C /* Resources */,
			);
			buildRules = (
			);
			dependencies = (
				6C8D3B5B1850182800BD799C /* PBXTargetDependency */,
			);
			name = TORevealViewControllerExampleTests;
			productName = TOSlidingSplitViewControllerExampleTests;
			productReference = 6C8D3B551850182800BD799C /* TORevealViewControllerExampleTests.xctest */;
			productType = "com.apple.product-type.bundle.unit-test";
		};
/* End PBXNativeTarget section */

/* Begin PBXProject section */
		6C8D3B321850182800BD799C /* Project object */ = {
			isa = PBXProject;
			attributes = {
				CLASSPREFIX = TO;
				LastUpgradeCheck = 0900;
				ORGANIZATIONNAME = "Timothy Oliver";
				TargetAttributes = {
					6C8D3B391850182800BD799C = {
						DevelopmentTeam = 6LF3GMKZAB;
					};
					6C8D3B541850182800BD799C = {
						DevelopmentTeam = 6LF3GMKZAB;
						TestTargetID = 6C8D3B391850182800BD799C;
					};
				};
			};
			buildConfigurationList = 6C8D3B351850182800BD799C /* Build configuration list for PBXProject "TORevealViewControllerExample" */;
			compatibilityVersion = "Xcode 3.2";
			developmentRegion = English;
			hasScannedForEncodings = 0;
			knownRegions = (
				en,
			);
			mainGroup = 6C8D3B311850182800BD799C;
			productRefGroup = 6C8D3B3B1850182800BD799C /* Products */;
			projectDirPath = "";
			projectRoot = "";
			targets = (
				6C8D3B391850182800BD799C /* TORevealViewControllerExample */,
				6C8D3B541850182800BD799C /* TORevealViewControllerExampleTests */,
			);
		};
/* End PBXProject section */

/* Begin PBXResourcesBuildPhase section */
		6C8D3B381850182800BD799C /* Resources */ = {
			isa = PBXResourcesBuildPhase;
			buildActionMask = 2147483647;
			files = (
				F15197ED1F83976600BD328A /* LaunchScreen.storyboard in Resources */,
			);
			runOnlyForDeploymentPostprocessing = 0;
		};
		6C8D3B531850182800BD799C /* Resources */ = {
			isa = PBXResourcesBuildPhase;
			buildActionMask = 2147483647;
			files = (
			);
			runOnlyForDeploymentPostprocessing = 0;
		};
/* End PBXResourcesBuildPhase section */

/* Begin PBXSourcesBuildPhase section */
		6C8D3B361850182800BD799C /* Sources */ = {
			isa = PBXSourcesBuildPhase;
			buildActionMask = 2147483647;
			files = (
				F15197E91F83970800BD328A /* main.m in Sources */,
				F15197DF1F8396F700BD328A /* TORevealViewController.m in Sources */,
				F15197EA1F83970C00BD328A /* TOAppDelegate.m in Sources */,
				F15197EB1F83970C00BD328A /* TOViewController.m in Sources */,
			);
			runOnlyForDeploymentPostprocessing = 0;
		};
		6C8D3B511850182800BD799C /* Sources */ = {
			isa = PBXSourcesBuildPhase;
			buildActionMask = 2147483647;
			files = (
			);
			runOnlyForDeploymentPostprocessing = 0;
		};
/* End PBXSourcesBuildPhase section */

/* Begin PBXTargetDependency section */
		6C8D3B5B1850182800BD799C /* PBXTargetDependency */ = {
			isa = PBXTargetDependency;
			target = 6C8D3B391850182800BD799C /* TORevealViewControllerExample */;
			targetProxy = 6C8D3B5A1850182800BD799C /* PBXContainerItemProxy */;
		};
/* End PBXTargetDependency section */

/* Begin XCBuildConfiguration section */
		6C8D3B641850182800BD799C /* Debug */ = {
			isa = XCBuildConfiguration;
			buildSettings = {
				ALWAYS_SEARCH_USER_PATHS = NO;
				CLANG_CXX_LANGUAGE_STANDARD = "gnu++0x";
				CLANG_CXX_LIBRARY = "libc++";
				CLANG_ENABLE_MODULES = YES;
				CLANG_ENABLE_OBJC_ARC = YES;
				CLANG_WARN_BLOCK_CAPTURE_AUTORELEASING = YES;
				CLANG_WARN_BOOL_CONVERSION = YES;
				CLANG_WARN_COMMA = YES;
				CLANG_WARN_CONSTANT_CONVERSION = YES;
				CLANG_WARN_DIRECT_OBJC_ISA_USAGE = YES_ERROR;
				CLANG_WARN_EMPTY_BODY = YES;
				CLANG_WARN_ENUM_CONVERSION = YES;
				CLANG_WARN_INFINITE_RECURSION = YES;
				CLANG_WARN_INT_CONVERSION = YES;
				CLANG_WARN_NON_LITERAL_NULL_CONVERSION = YES;
				CLANG_WARN_OBJC_LITERAL_CONVERSION = YES;
				CLANG_WARN_OBJC_ROOT_CLASS = YES_ERROR;
				CLANG_WARN_RANGE_LOOP_ANALYSIS = YES;
				CLANG_WARN_STRICT_PROTOTYPES = YES;
				CLANG_WARN_SUSPICIOUS_MOVE = YES;
				CLANG_WARN_UNREACHABLE_CODE = YES;
				CLANG_WARN__DUPLICATE_METHOD_MATCH = YES;
				"CODE_SIGN_IDENTITY[sdk=iphoneos*]" = "iPhone Developer";
				COPY_PHASE_STRIP = NO;
				ENABLE_STRICT_OBJC_MSGSEND = YES;
				ENABLE_TESTABILITY = YES;
				GCC_C_LANGUAGE_STANDARD = gnu99;
				GCC_DYNAMIC_NO_PIC = NO;
				GCC_NO_COMMON_BLOCKS = YES;
				GCC_OPTIMIZATION_LEVEL = 0;
				GCC_PREPROCESSOR_DEFINITIONS = (
					"DEBUG=1",
					"$(inherited)",
				);
				GCC_SYMBOLS_PRIVATE_EXTERN = NO;
				GCC_WARN_64_TO_32_BIT_CONVERSION = YES;
				GCC_WARN_ABOUT_RETURN_TYPE = YES_ERROR;
				GCC_WARN_UNDECLARED_SELECTOR = YES;
				GCC_WARN_UNINITIALIZED_AUTOS = YES_AGGRESSIVE;
				GCC_WARN_UNUSED_FUNCTION = YES;
				GCC_WARN_UNUSED_VARIABLE = YES;
				IPHONEOS_DEPLOYMENT_TARGET = 8.0;
				ONLY_ACTIVE_ARCH = YES;
				SDKROOT = iphoneos;
				TARGETED_DEVICE_FAMILY = "1,2";
			};
			name = Debug;
		};
		6C8D3B651850182800BD799C /* Release */ = {
			isa = XCBuildConfiguration;
			buildSettings = {
				ALWAYS_SEARCH_USER_PATHS = NO;
				CLANG_CXX_LANGUAGE_STANDARD = "gnu++0x";
				CLANG_CXX_LIBRARY = "libc++";
				CLANG_ENABLE_MODULES = YES;
				CLANG_ENABLE_OBJC_ARC = YES;
				CLANG_WARN_BLOCK_CAPTURE_AUTORELEASING = YES;
				CLANG_WARN_BOOL_CONVERSION = YES;
				CLANG_WARN_COMMA = YES;
				CLANG_WARN_CONSTANT_CONVERSION = YES;
				CLANG_WARN_DIRECT_OBJC_ISA_USAGE = YES_ERROR;
				CLANG_WARN_EMPTY_BODY = YES;
				CLANG_WARN_ENUM_CONVERSION = YES;
				CLANG_WARN_INFINITE_RECURSION = YES;
				CLANG_WARN_INT_CONVERSION = YES;
				CLANG_WARN_NON_LITERAL_NULL_CONVERSION = YES;
				CLANG_WARN_OBJC_LITERAL_CONVERSION = YES;
				CLANG_WARN_OBJC_ROOT_CLASS = YES_ERROR;
				CLANG_WARN_RANGE_LOOP_ANALYSIS = YES;
				CLANG_WARN_STRICT_PROTOTYPES = YES;
				CLANG_WARN_SUSPICIOUS_MOVE = YES;
				CLANG_WARN_UNREACHABLE_CODE = YES;
				CLANG_WARN__DUPLICATE_METHOD_MATCH = YES;
				"CODE_SIGN_IDENTITY[sdk=iphoneos*]" = "iPhone Developer";
				COPY_PHASE_STRIP = YES;
				ENABLE_NS_ASSERTIONS = NO;
				ENABLE_STRICT_OBJC_MSGSEND = YES;
				GCC_C_LANGUAGE_STANDARD = gnu99;
				GCC_NO_COMMON_BLOCKS = YES;
				GCC_WARN_64_TO_32_BIT_CONVERSION = YES;
				GCC_WARN_ABOUT_RETURN_TYPE = YES_ERROR;
				GCC_WARN_UNDECLARED_SELECTOR = YES;
				GCC_WARN_UNINITIALIZED_AUTOS = YES_AGGRESSIVE;
				GCC_WARN_UNUSED_FUNCTION = YES;
				GCC_WARN_UNUSED_VARIABLE = YES;
				IPHONEOS_DEPLOYMENT_TARGET = 8.0;
				SDKROOT = iphoneos;
				TARGETED_DEVICE_FAMILY = "1,2";
				VALIDATE_PRODUCT = YES;
			};
			name = Release;
		};
		6C8D3B671850182800BD799C /* Debug */ = {
			isa = XCBuildConfiguration;
			buildSettings = {
				ASSETCATALOG_COMPILER_APPICON_NAME = AppIcon;
				ASSETCATALOG_COMPILER_LAUNCHIMAGE_NAME = LaunchImage;
				DEVELOPMENT_TEAM = 6LF3GMKZAB;
				GCC_PRECOMPILE_PREFIX_HEADER = YES;
				GCC_PREFIX_HEADER = "TORevealViewControllerExample/TORevealViewControllerExample-Prefix.pch";
				INFOPLIST_FILE = "$(SRCROOT)/TORevealViewControllerExample/TORevealViewControllerExample-Info.plist";
				IPHONEOS_DEPLOYMENT_TARGET = 8.0;
				PRODUCT_BUNDLE_IDENTIFIER = "com.timoliver.${PRODUCT_NAME:rfc1034identifier}";
				PRODUCT_NAME = TORevealViewControllerExample;
				WRAPPER_EXTENSION = app;
			};
			name = Debug;
		};
		6C8D3B681850182800BD799C /* Release */ = {
			isa = XCBuildConfiguration;
			buildSettings = {
				ASSETCATALOG_COMPILER_APPICON_NAME = AppIcon;
				ASSETCATALOG_COMPILER_LAUNCHIMAGE_NAME = LaunchImage;
				DEVELOPMENT_TEAM = 6LF3GMKZAB;
				GCC_PRECOMPILE_PREFIX_HEADER = YES;
				GCC_PREFIX_HEADER = "TORevealViewControllerExample/TORevealViewControllerExample-Prefix.pch";
				INFOPLIST_FILE = "$(SRCROOT)/TORevealViewControllerExample/TORevealViewControllerExample-Info.plist";
				IPHONEOS_DEPLOYMENT_TARGET = 8.0;
				PRODUCT_BUNDLE_IDENTIFIER = "com.timoliver.${PRODUCT_NAME:rfc1034identifier}";
				PRODUCT_NAME = TORevealViewControllerExample;
				WRAPPER_EXTENSION = app;
			};
			name = Release;
		};
		6C8D3B6A1850182800BD799C /* Debug */ = {
			isa = XCBuildConfiguration;
			buildSettings = {
				BUNDLE_LOADER = "$(BUILT_PRODUCTS_DIR)/TORevealViewControllerExample.app/TORevealViewControllerExample";
				DEVELOPMENT_TEAM = 6LF3GMKZAB;
				FRAMEWORK_SEARCH_PATHS = (
					"$(SDKROOT)/Developer/Library/Frameworks",
					"$(inherited)",
					"$(DEVELOPER_FRAMEWORKS_DIR)",
				);
				GCC_PRECOMPILE_PREFIX_HEADER = YES;
				GCC_PREFIX_HEADER = "TOSlidingSplitViewControllerExample/TOSlidingSplitViewControllerExample-Prefix.pch";
				GCC_PREPROCESSOR_DEFINITIONS = (
					"DEBUG=1",
					"$(inherited)",
				);
				INFOPLIST_FILE = "TOSlidingSplitViewControllerExampleTests/TOSlidingSplitViewControllerExampleTests-Info.plist";
				PRODUCT_NAME = TORevealViewControllerExampleTests;
				TEST_HOST = "$(BUNDLE_LOADER)";
				WRAPPER_EXTENSION = xctest;
			};
			name = Debug;
		};
		6C8D3B6B1850182800BD799C /* Release */ = {
			isa = XCBuildConfiguration;
			buildSettings = {
				BUNDLE_LOADER = "$(BUILT_PRODUCTS_DIR)/TORevealViewControllerExample.app/TORevealViewControllerExample";
				DEVELOPMENT_TEAM = 6LF3GMKZAB;
				FRAMEWORK_SEARCH_PATHS = (
					"$(SDKROOT)/Developer/Library/Frameworks",
					"$(inherited)",
					"$(DEVELOPER_FRAMEWORKS_DIR)",
				);
				GCC_PRECOMPILE_PREFIX_HEADER = YES;
				GCC_PREFIX_HEADER = "TOSlidingSplitViewControllerExample/TOSlidingSplitViewControllerExample-Prefix.pch";
				INFOPLIST_FILE = "TOSlidingSplitViewControllerExampleTests/TOSlidingSplitViewControllerExampleTests-Info.plist";
				PRODUCT_NAME = TORevealViewControllerExampleTests;
				TEST_HOST = "$(BUNDLE_LOADER)";
				WRAPPER_EXTENSION = xctest;
			};
			name = Release;
		};
/* End XCBuildConfiguration section */

/* Begin XCConfigurationList section */
		6C8D3B351850182800BD799C /* Build configuration list for PBXProject "TORevealViewControllerExample" */ = {
			isa = XCConfigurationList;
			buildConfigurations = (
				6C8D3B641850182800BD799C /* Debug */,
				6C8D3B651850182800BD799C /* Release */,
			);
			defaultConfigurationIsVisible = 0;
			defaultConfigurationName = Release;
		};
		6C8D3B661850182800BD799C /* Build configuration list for PBXNativeTarget "TORevealViewControllerExample" */ = {
			isa = XCConfigurationList;
			buildConfigurations = (
				6C8D3B671850182800BD799C /* Debug */,
				6C8D3B681850182800BD799C /* Release */,
			);
			defaultConfigurationIsVisible = 0;
			defaultConfigurationName = Release;
		};
		6C8D3B691850182800BD799C /* Build configuration list for PBXNativeTarget "TORevealViewControllerExampleTests" */ = {
			isa = XCConfigurationList;
			buildConfigurations = (
				6C8D3B6A1850182800BD799C /* Debug */,
				6C8D3B6B1850182800BD799C /* Release */,
			);
			defaultConfigurationIsVisible = 0;
			defaultConfigurationName = Release;
		};
/* End XCConfigurationList section */
	};
	rootObject = 6C8D3B321850182800BD799C /* Project object */;
}
